
Microsoft Visual Studio Solution File, Format Version 12.00
# Visual Studio Version 17
VisualStudioVersion = 17.8.34302.71
MinimumVisualStudioVersion = 10.0.40219.1
Project("{2150E333-8FDC-42A3-9474-1A3956D46DE8}") = "Src", "Src", "{CAFBC5EB-06DE-4717-A336-D43566291E62}"
EndProject
Project("{2150E333-8FDC-42A3-9474-1A3956D46DE8}") = "Common", "Common", "{24FE6C8A-37A4-450E-9D35-9047BC67B3A8}"
EndProject
Project("{2150E333-8FDC-42A3-9474-1A3956D46DE8}") = "Core", "Core", "{70E9F0F6-DA66-40B7-A6DE-5CA212A24472}"
EndProject
Project("{2150E333-8FDC-42A3-9474-1A3956D46DE8}") = "Infrastructure", "Infrastructure", "{7E3CED22-14AC-41EC-B6D9-C2565B2211EB}"
EndProject
Project("{2150E333-8FDC-42A3-9474-1A3956D46DE8}") = "Presentation", "Presentation", "{63520253-A34A-4D09-AE26-E8FF6AB3C9FF}"
EndProject
Project("{FAE04EC0-301F-11D3-BF4B-00C04F79EFBC}") = "Common", "Common\Common.csproj", "{6DFDEDB3-165A-4960-8C05-DC97BBC82DA7}"
EndProject
Project("{FAE04EC0-301F-11D3-BF4B-00C04F79EFBC}") = "Application", "Application\Application.csproj", "{2B778D4E-7E03-4384-A869-9EDA67BC1509}"
EndProject
Project("{FAE04EC0-301F-11D3-BF4B-00C04F79EFBC}") = "Domain", "Domain\Domain.csproj", "{5ACDC22C-B168-4B5B-A1BE-AFF4111CC447}"
EndProject
Project("{FAE04EC0-301F-11D3-BF4B-00C04F79EFBC}") = "Infrastructure", "Infrastructure\Infrastructure.csproj", "{F78291CE-0E02-46B3-97E0-2C005D4CF37A}"
EndProject
Project("{FAE04EC0-301F-11D3-BF4B-00C04F79EFBC}") = "Persistence", "Persistence\Persistence.csproj", "{64777A39-187D-41AF-9926-56AFEF8668F5}"
EndProject
Project("{FAE04EC0-301F-11D3-BF4B-00C04F79EFBC}") = "BookStore.EndPoint", "BookStore.EndPoint\BookStore.EndPoint.csproj", "{AB32D98C-CFB5-4732-860D-75EB01C3D566}"
EndProject
Global
	GlobalSection(SolutionConfigurationPlatforms) = preSolution
		Debug|Any CPU = Debug|Any CPU
		Release|Any CPU = Release|Any CPU
	EndGlobalSection
	GlobalSection(ProjectConfigurationPlatforms) = postSolution
		{6DFDEDB3-165A-4960-8C05-DC97BBC82DA7}.Debug|Any CPU.ActiveCfg = Debug|Any CPU
		{6DFDEDB3-165A-4960-8C05-DC97BBC82DA7}.Debug|Any CPU.Build.0 = Debug|Any CPU
		{6DFDEDB3-165A-4960-8C05-DC97BBC82DA7}.Release|Any CPU.ActiveCfg = Release|Any CPU
		{6DFDEDB3-165A-4960-8C05-DC97BBC82DA7}.Release|Any CPU.Build.0 = Release|Any CPU
		{2B778D4E-7E03-4384-A869-9EDA67BC1509}.Debug|Any CPU.ActiveCfg = Debug|Any CPU
		{2B778D4E-7E03-4384-A869-9EDA67BC1509}.Debug|Any CPU.Build.0 = Debug|Any CPU
		{2B778D4E-7E03-4384-A869-9EDA67BC1509}.Release|Any CPU.ActiveCfg = Release|Any CPU
		{2B778D4E-7E03-4384-A869-9EDA67BC1509}.Release|Any CPU.Build.0 = Release|Any CPU
		{5ACDC22C-B168-4B5B-A1BE-AFF4111CC447}.Debug|Any CPU.ActiveCfg = Debug|Any CPU
		{5ACDC22C-B168-4B5B-A1BE-AFF4111CC447}.Debug|Any CPU.Build.0 = Debug|Any CPU
		{5ACDC22C-B168-4B5B-A1BE-AFF4111CC447}.Release|Any CPU.ActiveCfg = Release|Any CPU
		{5ACDC22C-B168-4B5B-A1BE-AFF4111CC447}.Release|Any CPU.Build.0 = Release|Any CPU
		{F78291CE-0E02-46B3-97E0-2C005D4CF37A}.Debug|Any CPU.ActiveCfg = Debug|Any CPU
		{F78291CE-0E02-46B3-97E0-2C005D4CF37A}.Debug|Any CPU.Build.0 = Debug|Any CPU
		{F78291CE-0E02-46B3-97E0-2C005D4CF37A}.Release|Any CPU.ActiveCfg = Release|Any CPU
		{F78291CE-0E02-46B3-97E0-2C005D4CF37A}.Release|Any CPU.Build.0 = Release|Any CPU
		{64777A39-187D-41AF-9926-56AFEF8668F5}.Debug|Any CPU.ActiveCfg = Debug|Any CPU
		{64777A39-187D-41AF-9926-56AFEF8668F5}.Debug|Any CPU.Build.0 = Debug|Any CPU
		{64777A39-187D-41AF-9926-56AFEF8668F5}.Release|Any CPU.ActiveCfg = Release|Any CPU
		{64777A39-187D-41AF-9926-56AFEF8668F5}.Release|Any CPU.Build.0 = Release|Any CPU
		{AB32D98C-CFB5-4732-860D-75EB01C3D566}.Debug|Any CPU.ActiveCfg = Debug|Any CPU
		{AB32D98C-CFB5-4732-860D-75EB01C3D566}.Debug|Any CPU.Build.0 = Debug|Any CPU
		{AB32D98C-CFB5-4732-860D-75EB01C3D566}.Release|Any CPU.ActiveCfg = Release|Any CPU
		{AB32D98C-CFB5-4732-860D-75EB01C3D566}.Release|Any CPU.Build.0 = Release|Any CPU
	EndGlobalSection
	GlobalSection(SolutionProperties) = preSolution
		HideSolutionNode = FALSE
	EndGlobalSection
	GlobalSection(NestedProjects) = preSolution
		{24FE6C8A-37A4-450E-9D35-9047BC67B3A8} = {CAFBC5EB-06DE-4717-A336-D43566291E62}
		{70E9F0F6-DA66-40B7-A6DE-5CA212A24472} = {CAFBC5EB-06DE-4717-A336-D43566291E62}
		{7E3CED22-14AC-41EC-B6D9-C2565B2211EB} = {CAFBC5EB-06DE-4717-A336-D43566291E62}
		{63520253-A34A-4D09-AE26-E8FF6AB3C9FF} = {CAFBC5EB-06DE-4717-A336-D43566291E62}
		{6DFDEDB3-165A-4960-8C05-DC97BBC82DA7} = {24FE6C8A-37A4-450E-9D35-9047BC67B3A8}
		{2B778D4E-7E03-4384-A869-9EDA67BC1509} = {70E9F0F6-DA66-40B7-A6DE-5CA212A24472}
		{5ACDC22C-B168-4B5B-A1BE-AFF4111CC447} = {70E9F0F6-DA66-40B7-A6DE-5CA212A24472}
		{F78291CE-0E02-46B3-97E0-2C005D4CF37A} = {7E3CED22-14AC-41EC-B6D9-C2565B2211EB}
		{64777A39-187D-41AF-9926-56AFEF8668F5} = {7E3CED22-14AC-41EC-B6D9-C2565B2211EB}
		{AB32D98C-CFB5-4732-860D-75EB01C3D566} = {63520253-A34A-4D09-AE26-E8FF6AB3C9FF}
	EndGlobalSection
	GlobalSection(ExtensibilityGlobals) = postSolution
		SolutionGuid = {B9BF4A59-4855-4D0D-BBB5-3FB1412423D6}
	EndGlobalSection
EndGlobal
